
Microsoft Visual Studio Solution File, Format Version 12.00
# Visual Studio Version 16
VisualStudioVersion = 16.0.29424.173
MinimumVisualStudioVersion = 10.0.40219.1
Project("{9A19103F-16F7-4668-BE54-9A1E7A4F7556}") = "SimpleCalculator", "SimpleCalculator\SimpleCalculator.csproj", "{3B9ABE17-B99C-42F2-8D91-04282FFF6C84}"
EndProject
Project("{9A19103F-16F7-4668-BE54-9A1E7A4F7556}") = "SimpleCalculator.Test", "SimpleCalculator.Test\SimpleCalculator.Test.csproj", "{A3438131-61D0-481E-96DB-CE5F9992041E}"
EndProject
Project("{9A19103F-16F7-4668-BE54-9A1E7A4F7556}") = "WordUnscrambler", "WordUnscrambler\WordUnscrambler.csproj", "{9C75E756-D25B-4AB8-9EFE-53465F41B856}"
EndProject
Project("{9A19103F-16F7-4668-BE54-9A1E7A4F7556}") = "WordUnscrambler.Test", "WordUnscrambler.Test\WordUnscrambler.Test.csproj", "{0FA25F53-CF14-4CA1-8F1F-D14CCFD79C48}"
EndProject
Project("{9A19103F-16F7-4668-BE54-9A1E7A4F7556}") = "WebScraper", "WebScraper\WebScraper.csproj", "{72A562A0-0702-478E-A0BE-F899C4F1A4DF}"
EndProject
Project("{9A19103F-16F7-4668-BE54-9A1E7A4F7556}") = "WebScraper.Test", "WebScraper.Test\WebScraper.Test.csproj", "{D3A81B02-C3E7-4EBC-8A94-7CC5FE8F82AC}"
EndProject
Project("{FAE04EC0-301F-11D3-BF4B-00C04F79EFBC}") = "SudokuSolver", "SudokuSolver\SudokuSolver.csproj", "{A4525E53-C1C0-4177-BDA5-D01987943BA2}"
EndProject
Global
	GlobalSection(SolutionConfigurationPlatforms) = preSolution
		Debug|Any CPU = Debug|Any CPU
		Release|Any CPU = Release|Any CPU
	EndGlobalSection
	GlobalSection(ProjectConfigurationPlatforms) = postSolution
		{3B9ABE17-B99C-42F2-8D91-04282FFF6C84}.Debug|Any CPU.ActiveCfg = Debug|Any CPU
		{3B9ABE17-B99C-42F2-8D91-04282FFF6C84}.Debug|Any CPU.Build.0 = Debug|Any CPU
		{3B9ABE17-B99C-42F2-8D91-04282FFF6C84}.Release|Any CPU.ActiveCfg = Release|Any CPU
		{3B9ABE17-B99C-42F2-8D91-04282FFF6C84}.Release|Any CPU.Build.0 = Release|Any CPU
		{A3438131-61D0-481E-96DB-CE5F9992041E}.Debug|Any CPU.ActiveCfg = Debug|Any CPU
		{A3438131-61D0-481E-96DB-CE5F9992041E}.Debug|Any CPU.Build.0 = Debug|Any CPU
		{A3438131-61D0-481E-96DB-CE5F9992041E}.Release|Any CPU.ActiveCfg = Release|Any CPU
		{A3438131-61D0-481E-96DB-CE5F9992041E}.Release|Any CPU.Build.0 = Release|Any CPU
		{9C75E756-D25B-4AB8-9EFE-53465F41B856}.Debug|Any CPU.ActiveCfg = Debug|Any CPU
		{9C75E756-D25B-4AB8-9EFE-53465F41B856}.Debug|Any CPU.Build.0 = Debug|Any CPU
		{9C75E756-D25B-4AB8-9EFE-53465F41B856}.Release|Any CPU.ActiveCfg = Release|Any CPU
		{9C75E756-D25B-4AB8-9EFE-53465F41B856}.Release|Any CPU.Build.0 = Release|Any CPU
		{0FA25F53-CF14-4CA1-8F1F-D14CCFD79C48}.Debug|Any CPU.ActiveCfg = Debug|Any CPU
		{0FA25F53-CF14-4CA1-8F1F-D14CCFD79C48}.Debug|Any CPU.Build.0 = Debug|Any CPU
		{0FA25F53-CF14-4CA1-8F1F-D14CCFD79C48}.Release|Any CPU.ActiveCfg = Release|Any CPU
		{0FA25F53-CF14-4CA1-8F1F-D14CCFD79C48}.Release|Any CPU.Build.0 = Release|Any CPU
		{72A562A0-0702-478E-A0BE-F899C4F1A4DF}.Debug|Any CPU.ActiveCfg = Debug|Any CPU
		{72A562A0-0702-478E-A0BE-F899C4F1A4DF}.Debug|Any CPU.Build.0 = Debug|Any CPU
		{72A562A0-0702-478E-A0BE-F899C4F1A4DF}.Release|Any CPU.ActiveCfg = Release|Any CPU
		{72A562A0-0702-478E-A0BE-F899C4F1A4DF}.Release|Any CPU.Build.0 = Release|Any CPU
		{D3A81B02-C3E7-4EBC-8A94-7CC5FE8F82AC}.Debug|Any CPU.ActiveCfg = Debug|Any CPU
		{D3A81B02-C3E7-4EBC-8A94-7CC5FE8F82AC}.Debug|Any CPU.Build.0 = Debug|Any CPU
		{D3A81B02-C3E7-4EBC-8A94-7CC5FE8F82AC}.Release|Any CPU.ActiveCfg = Release|Any CPU
		{D3A81B02-C3E7-4EBC-8A94-7CC5FE8F82AC}.Release|Any CPU.Build.0 = Release|Any CPU
		{A4525E53-C1C0-4177-BDA5-D01987943BA2}.Debug|Any CPU.ActiveCfg = Debug|Any CPU
		{A4525E53-C1C0-4177-BDA5-D01987943BA2}.Debug|Any CPU.Build.0 = Debug|Any CPU
		{A4525E53-C1C0-4177-BDA5-D01987943BA2}.Release|Any CPU.ActiveCfg = Release|Any CPU
		{A4525E53-C1C0-4177-BDA5-D01987943BA2}.Release|Any CPU.Build.0 = Release|Any CPU
	EndGlobalSection
	GlobalSection(SolutionProperties) = preSolution
		HideSolutionNode = FALSE
	EndGlobalSection
	GlobalSection(ExtensibilityGlobals) = postSolution
		SolutionGuid = {DD5E3800-904F-4E64-8DF4-CC2522E0B660}
	EndGlobalSection
EndGlobal
